// !$*UTF8*$!
{
	archiveVersion = 1;
	classes = {
	};
	objectVersion = 77;
	objects = {

/* Begin PBXContainerItemProxy section */
		55ADB3562DCF7F9100E3EA4B /* PBXContainerItemProxy */ = {
			isa = PBXContainerItemProxy;
			containerPortal = 55ADB33F2DCF7F8F00E3EA4B /* Project object */;
			proxyType = 1;
			remoteGlobalIDString = 55ADB3462DCF7F8F00E3EA4B;
			remoteInfo = ARIA;
		};
		55ADB3602DCF7F9100E3EA4B /* PBXContainerItemProxy */ = {
			isa = PBXContainerItemProxy;
			containerPortal = 55ADB33F2DCF7F8F00E3EA4B /* Project object */;
			proxyType = 1;
			remoteGlobalIDString = 55ADB3462DCF7F8F00E3EA4B;
			remoteInfo = ARIA;
		};
/* End PBXContainerItemProxy section */

/* Begin PBXFileReference section */
		55ADB3472DCF7F8F00E3EA4B /* ARIA.app */ = {isa = PBXFileReference; explicitFileType = wrapper.application; includeInIndex = 0; path = ARIA.app; sourceTree = BUILT_PRODUCTS_DIR; };
		55ADB3552DCF7F9100E3EA4B /* ARIATests.xctest */ = {isa = PBXFileReference; explicitFileType = wrapper.cfbundle; includeInIndex = 0; path = ARIATests.xctest; sourceTree = BUILT_PRODUCTS_DIR; };
		55ADB35F2DCF7F9100E3EA4B /* ARIAUITests.xctest */ = {isa = PBXFileReference; explicitFileType = wrapper.cfbundle; includeInIndex = 0; path = ARIAUITests.xctest; sourceTree = BUILT_PRODUCTS_DIR; };
/* End PBXFileReference section */

/* Begin PBXFileSystemSynchronizedRootGroup section */
		55ADB3492DCF7F8F00E3EA4B /* ARIA */ = {
			isa = PBXFileSystemSynchronizedRootGroup;
			path = ARIA;
			sourceTree = "<group>";
		};
		55ADB3582DCF7F9100E3EA4B /* ARIATests */ = {
			isa = PBXFileSystemSynchronizedRootGroup;
			path = ARIATests;
			sourceTree = "<group>";
		};
		55ADB3622DCF7F9100E3EA4B /* ARIAUITests */ = {
			isa = PBXFileSystemSynchronizedRootGroup;
			path = ARIAUITests;
			sourceTree = "<group>";
		};
/* End PBXFileSystemSynchronizedRootGroup section */

/* Begin PBXFrameworksBuildPhase section */
		55ADB3442DCF7F8F00E3EA4B /* Frameworks */ = {
			isa = PBXFrameworksBuildPhase;
			buildActionMask = 2147483647;
			files = (
			);
			runOnlyForDeploymentPostprocessing = 0;
		};
		55ADB3522DCF7F9100E3EA4B /* Frameworks */ = {
			isa = PBXFrameworksBuildPhase;
			buildActionMask = 2147483647;
			files = (
			);
			runOnlyForDeploymentPostprocessing = 0;
		};
		55ADB35C2DCF7F9100E3EA4B /* Frameworks */ = {
			isa = PBXFrameworksBuildPhase;
			buildActionMask = 2147483647;
			files = (
			);
			runOnlyForDeploymentPostprocessing = 0;
		};
/* End PBXFrameworksBuildPhase section */

/* Begin PBXGroup section */
		55ADB33E2DCF7F8F00E3EA4B = {
			isa = PBXGroup;
			children = (
				55ADB3492DCF7F8F00E3EA4B /* ARIA */,
				55ADB3582DCF7F9100E3EA4B /* ARIATests */,
				55ADB3622DCF7F9100E3EA4B /* ARIAUITests */,
				55ADB3482DCF7F8F00E3EA4B /* Products */,
			);
			sourceTree = "<group>";
		};
		55ADB3482DCF7F8F00E3EA4B /* Products */ = {
			isa = PBXGroup;
			children = (
				55ADB3472DCF7F8F00E3EA4B /* ARIA.app */,
				55ADB3552DCF7F9100E3EA4B /* ARIATests.xctest */,
				55ADB35F2DCF7F9100E3EA4B /* ARIAUITests.xctest */,
			);
			name = Products;
			sourceTree = "<group>";
		};
/* End PBXGroup section */

/* Begin PBXNativeTarget section */
		55ADB3462DCF7F8F00E3EA4B /* ARIA */ = {
			isa = PBXNativeTarget;
			buildConfigurationList = 55ADB3692DCF7F9100E3EA4B /* Build configuration list for PBXNativeTarget "ARIA" */;
			buildPhases = (
				55ADB3432DCF7F8F00E3EA4B /* Sources */,
				55ADB3442DCF7F8F00E3EA4B /* Frameworks */,
				55ADB3452DCF7F8F00E3EA4B /* Resources */,
			);
			buildRules = (
			);
			dependencies = (
			);
			fileSystemSynchronizedGroups = (
				55ADB3492DCF7F8F00E3EA4B /* ARIA */,
			);
			name = ARIA;
			packageProductDependencies = (
			);
			productName = ARIA;
			productReference = 55ADB3472DCF7F8F00E3EA4B /* ARIA.app */;
			productType = "com.apple.product-type.application";
		};
		55ADB3542DCF7F9100E3EA4B /* ARIATests */ = {
			isa = PBXNativeTarget;
			buildConfigurationList = 55ADB36C2DCF7F9100E3EA4B /* Build configuration list for PBXNativeTarget "ARIATests" */;
			buildPhases = (
				55ADB3512DCF7F9100E3EA4B /* Sources */,
				55ADB3522DCF7F9100E3EA4B /* Frameworks */,
				55ADB3532DCF7F9100E3EA4B /* Resources */,
			);
			buildRules = (
			);
			dependencies = (
				55ADB3572DCF7F9100E3EA4B /* PBXTargetDependency */,
			);
			fileSystemSynchronizedGroups = (
				55ADB3582DCF7F9100E3EA4B /* ARIATests */,
			);
			name = ARIATests;
			packageProductDependencies = (
			);
			productName = ARIATests;
			productReference = 55ADB3552DCF7F9100E3EA4B /* ARIATests.xctest */;
			productType = "com.apple.product-type.bundle.unit-test";
		};
		55ADB35E2DCF7F9100E3EA4B /* ARIAUITests */ = {
			isa = PBXNativeTarget;
			buildConfigurationList = 55ADB36F2DCF7F9100E3EA4B /* Build configuration list for PBXNativeTarget "ARIAUITests" */;
			buildPhases = (
				55ADB35B2DCF7F9100E3EA4B /* Sources */,
				55ADB35C2DCF7F9100E3EA4B /* Frameworks */,
				55ADB35D2DCF7F9100E3EA4B /* Resources */,
			);
			buildRules = (
			);
			dependencies = (
				55ADB3612DCF7F9100E3EA4B /* PBXTargetDependency */,
			);
			fileSystemSynchronizedGroups = (
				55ADB3622DCF7F9100E3EA4B /* ARIAUITests */,
			);
			name = ARIAUITests;
			packageProductDependencies = (
			);
			productName = ARIAUITests;
			productReference = 55ADB35F2DCF7F9100E3EA4B /* ARIAUITests.xctest */;
			productType = "com.apple.product-type.bundle.ui-testing";
		};
/* End PBXNativeTarget section */

/* Begin PBXProject section */
		55ADB33F2DCF7F8F00E3EA4B /* Project object */ = {
			isa = PBXProject;
			attributes = {
				BuildIndependentTargetsInParallel = 1;
				LastSwiftUpdateCheck = 1630;
				LastUpgradeCheck = 1630;
				TargetAttributes = {
					55ADB3462DCF7F8F00E3EA4B = {
						CreatedOnToolsVersion = 16.3;
					};
					55ADB3542DCF7F9100E3EA4B = {
						CreatedOnToolsVersion = 16.3;
						TestTargetID = 55ADB3462DCF7F8F00E3EA4B;
					};
					55ADB35E2DCF7F9100E3EA4B = {
						CreatedOnToolsVersion = 16.3;
						TestTargetID = 55ADB3462DCF7F8F00E3EA4B;
					};
				};
			};
			buildConfigurationList = 55ADB3422DCF7F8F00E3EA4B /* Build configuration list for PBXProject "ARIA" */;
			developmentRegion = en;
			hasScannedForEncodings = 0;
			knownRegions = (
				en,
				Base,
			);
			mainGroup = 55ADB33E2DCF7F8F00E3EA4B;
			minimizedProjectReferenceProxies = 1;
			preferredProjectObjectVersion = 77;
			productRefGroup = 55ADB3482DCF7F8F00E3EA4B /* Products */;
			projectDirPath = "";
			projectRoot = "";
			targets = (
				55ADB3462DCF7F8F00E3EA4B /* ARIA */,
				55ADB3542DCF7F9100E3EA4B /* ARIATests */,
				55ADB35E2DCF7F9100E3EA4B /* ARIAUITests */,
			);
		};
/* End PBXProject section */

/* Begin PBXResourcesBuildPhase section */
		55ADB3452DCF7F8F00E3EA4B /* Resources */ = {
			isa = PBXResourcesBuildPhase;
			buildActionMask = 2147483647;
			files = (
			);
			runOnlyForDeploymentPostprocessing = 0;
		};
		55ADB3532DCF7F9100E3EA4B /* Resources */ = {
			isa = PBXResourcesBuildPhase;
			buildActionMask = 2147483647;
			files = (
			);
			runOnlyForDeploymentPostprocessing = 0;
		};
		55ADB35D2DCF7F9100E3EA4B /* Resources */ = {
			isa = PBXResourcesBuildPhase;
			buildActionMask = 2147483647;
			files = (
			);
			runOnlyForDeploymentPostprocessing = 0;
		};
/* End PBXResourcesBuildPhase section */

/* Begin PBXSourcesBuildPhase section */
		55ADB3432DCF7F8F00E3EA4B /* Sources */ = {
			isa = PBXSourcesBuildPhase;
			buildActionMask = 2147483647;
			files = (
			);
			runOnlyForDeploymentPostprocessing = 0;
		};
		55ADB3512DCF7F9100E3EA4B /* Sources */ = {
			isa = PBXSourcesBuildPhase;
			buildActionMask = 2147483647;
			files = (
			);
			runOnlyForDeploymentPostprocessing = 0;
		};
		55ADB35B2DCF7F9100E3EA4B /* Sources */ = {
			isa = PBXSourcesBuildPhase;
			buildActionMask = 2147483647;
			files = (
			);
			runOnlyForDeploymentPostprocessing = 0;
		};
/* End PBXSourcesBuildPhase section */

/* Begin PBXTargetDependency section */
		55ADB3572DCF7F9100E3EA4B /* PBXTargetDependency */ = {
			isa = PBXTargetDependency;
			target = 55ADB3462DCF7F8F00E3EA4B /* ARIA */;
			targetProxy = 55ADB3562DCF7F9100E3EA4B /* PBXContainerItemProxy */;
		};
		55ADB3612DCF7F9100E3EA4B /* PBXTargetDependency */ = {
			isa = PBXTargetDependency;
			target = 55ADB3462DCF7F8F00E3EA4B /* ARIA */;
			targetProxy = 55ADB3602DCF7F9100E3EA4B /* PBXContainerItemProxy */;
		};
/* End PBXTargetDependency section */

/* Begin XCBuildConfiguration section */
		55ADB3672DCF7F9100E3EA4B /* Debug */ = {
			isa = XCBuildConfiguration;
			buildSettings = {
				ALWAYS_SEARCH_USER_PATHS = NO;
				ASSETCATALOG_COMPILER_GENERATE_SWIFT_ASSET_SYMBOL_EXTENSIONS = YES;
				CLANG_ANALYZER_NONNULL = YES;
				CLANG_ANALYZER_NUMBER_OBJECT_CONVERSION = YES_AGGRESSIVE;
				CLANG_CXX_LANGUAGE_STANDARD = "gnu++20";
				CLANG_ENABLE_MODULES = YES;
				CLANG_ENABLE_OBJC_ARC = YES;
				CLANG_ENABLE_OBJC_WEAK = YES;
				CLANG_WARN_BLOCK_CAPTURE_AUTORELEASING = YES;
				CLANG_WARN_BOOL_CONVERSION = YES;
				CLANG_WARN_COMMA = YES;
				CLANG_WARN_CONSTANT_CONVERSION = YES;
				CLANG_WARN_DEPRECATED_OBJC_IMPLEMENTATIONS = YES;
				CLANG_WARN_DIRECT_OBJC_ISA_USAGE = YES_ERROR;
				CLANG_WARN_DOCUMENTATION_COMMENTS = YES;
				CLANG_WARN_EMPTY_BODY = YES;
				CLANG_WARN_ENUM_CONVERSION = YES;
				CLANG_WARN_INFINITE_RECURSION = YES;
				CLANG_WARN_INT_CONVERSION = YES;
				CLANG_WARN_NON_LITERAL_NULL_CONVERSION = YES;
				CLANG_WARN_OBJC_IMPLICIT_RETAIN_SELF = YES;
				CLANG_WARN_OBJC_LITERAL_CONVERSION = YES;
				CLANG_WARN_OBJC_ROOT_CLASS = YES_ERROR;
				CLANG_WARN_QUOTED_INCLUDE_IN_FRAMEWORK_HEADER = YES;
				CLANG_WARN_RANGE_LOOP_ANALYSIS = YES;
				CLANG_WARN_STRICT_PROTOTYPES = YES;
				CLANG_WARN_SUSPICIOUS_MOVE = YES;
				CLANG_WARN_UNGUARDED_AVAILABILITY = YES_AGGRESSIVE;
				CLANG_WARN_UNREACHABLE_CODE = YES;
				CLANG_WARN__DUPLICATE_METHOD_MATCH = YES;
				COPY_PHASE_STRIP = NO;
				DEBUG_INFORMATION_FORMAT = dwarf;
				DEVELOPMENT_TEAM = XWYLQSH2C6;
				ENABLE_STRICT_OBJC_MSGSEND = YES;
				ENABLE_TESTABILITY = YES;
				ENABLE_USER_SCRIPT_SANDBOXING = YES;
				GCC_C_LANGUAGE_STANDARD = gnu17;
				GCC_DYNAMIC_NO_PIC = NO;
				GCC_NO_COMMON_BLOCKS = YES;
				GCC_OPTIMIZATION_LEVEL = 0;
				GCC_PREPROCESSOR_DEFINITIONS = (
					"DEBUG=1",
					"$(inherited)",
				);
				GCC_WARN_64_TO_32_BIT_CONVERSION = YES;
				GCC_WARN_ABOUT_RETURN_TYPE = YES_ERROR;
				GCC_WARN_UNDECLARED_SELECTOR = YES;
				GCC_WARN_UNINITIALIZED_AUTOS = YES_AGGRESSIVE;
				GCC_WARN_UNUSED_FUNCTION = YES;
				GCC_WARN_UNUSED_VARIABLE = YES;
				LOCALIZATION_PREFERS_STRING_CATALOGS = YES;
				MACOSX_DEPLOYMENT_TARGET = 15.4;
				MTL_ENABLE_DEBUG_INFO = INCLUDE_SOURCE;
				MTL_FAST_MATH = YES;
				ONLY_ACTIVE_ARCH = YES;
				SDKROOT = macosx;
				SWIFT_ACTIVE_COMPILATION_CONDITIONS = "DEBUG $(inherited)";
				SWIFT_OPTIMIZATION_LEVEL = "-Onone";
			};
			name = Debug;
		};
		55ADB3682DCF7F9100E3EA4B /* Release */ = {
			isa = XCBuildConfiguration;
			buildSettings = {
				ALWAYS_SEARCH_USER_PATHS = NO;
				ASSETCATALOG_COMPILER_GENERATE_SWIFT_ASSET_SYMBOL_EXTENSIONS = YES;
				CLANG_ANALYZER_NONNULL = YES;
				CLANG_ANALYZER_NUMBER_OBJECT_CONVERSION = YES_AGGRESSIVE;
				CLANG_CXX_LANGUAGE_STANDARD = "gnu++20";
				CLANG_ENABLE_MODULES = YES;
				CLANG_ENABLE_OBJC_ARC = YES;
				CLANG_ENABLE_OBJC_WEAK = YES;
				CLANG_WARN_BLOCK_CAPTURE_AUTORELEASING = YES;
				CLANG_WARN_BOOL_CONVERSION = YES;
				CLANG_WARN_COMMA = YES;
				CLANG_WARN_CONSTANT_CONVERSION = YES;
				CLANG_WARN_DEPRECATED_OBJC_IMPLEMENTATIONS = YES;
				CLANG_WARN_DIRECT_OBJC_ISA_USAGE = YES_ERROR;
				CLANG_WARN_DOCUMENTATION_COMMENTS = YES;
				CLANG_WARN_EMPTY_BODY = YES;
				CLANG_WARN_ENUM_CONVERSION = YES;
				CLANG_WARN_INFINITE_RECURSION = YES;
				CLANG_WARN_INT_CONVERSION = YES;
				CLANG_WARN_NON_LITERAL_NULL_CONVERSION = YES;
				CLANG_WARN_OBJC_IMPLICIT_RETAIN_SELF = YES;
				CLANG_WARN_OBJC_LITERAL_CONVERSION = YES;
				CLANG_WARN_OBJC_ROOT_CLASS = YES_ERROR;
				CLANG_WARN_QUOTED_INCLUDE_IN_FRAMEWORK_HEADER = YES;
				CLANG_WARN_RANGE_LOOP_ANALYSIS = YES;
				CLANG_WARN_STRICT_PROTOTYPES = YES;
				CLANG_WARN_SUSPICIOUS_MOVE = YES;
				CLANG_WARN_UNGUARDED_AVAILABILITY = YES_AGGRESSIVE;
				CLANG_WARN_UNREACHABLE_CODE = YES;
				CLANG_WARN__DUPLICATE_METHOD_MATCH = YES;
				COPY_PHASE_STRIP = NO;
				DEBUG_INFORMATION_FORMAT = "dwarf-with-dsym";
				DEVELOPMENT_TEAM = XWYLQSH2C6;
				ENABLE_NS_ASSERTIONS = NO;
				ENABLE_STRICT_OBJC_MSGSEND = YES;
				ENABLE_USER_SCRIPT_SANDBOXING = YES;
				GCC_C_LANGUAGE_STANDARD = gnu17;
				GCC_NO_COMMON_BLOCKS = YES;
				GCC_WARN_64_TO_32_BIT_CONVERSION = YES;
				GCC_WARN_ABOUT_RETURN_TYPE = YES_ERROR;
				GCC_WARN_UNDECLARED_SELECTOR = YES;
				GCC_WARN_UNINITIALIZED_AUTOS = YES_AGGRESSIVE;
				GCC_WARN_UNUSED_FUNCTION = YES;
				GCC_WARN_UNUSED_VARIABLE = YES;
				LOCALIZATION_PREFERS_STRING_CATALOGS = YES;
				MACOSX_DEPLOYMENT_TARGET = 15.4;
				MTL_ENABLE_DEBUG_INFO = NO;
				MTL_FAST_MATH = YES;
				SDKROOT = macosx;
				SWIFT_COMPILATION_MODE = wholemodule;
			};
			name = Release;
		};
		55ADB36A2DCF7F9100E3EA4B /* Debug */ = {
			isa = XCBuildConfiguration;
			buildSettings = {
				ASSETCATALOG_COMPILER_APPICON_NAME = AppIcon;
				ASSETCATALOG_COMPILER_GLOBAL_ACCENT_COLOR_NAME = AccentColor;
				CODE_SIGN_ENTITLEMENTS = ARIA/Application/ARIA.entitlements;
				CODE_SIGN_STYLE = Automatic;
				COMBINE_HIDPI_IMAGES = YES;
				CURRENT_PROJECT_VERSION = 1;
				DEVELOPMENT_TEAM = XWYLQSH2C6;
				ENABLE_HARDENED_RUNTIME = YES;
				ENABLE_PREVIEWS = YES;
				GENERATE_INFOPLIST_FILE = YES;
				INFOPLIST_KEY_NSHumanReadableCopyright = "";
				LD_RUNPATH_SEARCH_PATHS = (
					"$(inherited)",
					"@executable_path/../Frameworks",
				);
				MARKETING_VERSION = 1.0;
				PRODUCT_BUNDLE_IDENTIFIER = com.mmfsoftware.com.ARIA;
				PRODUCT_NAME = "$(TARGET_NAME)";
				REGISTER_APP_GROUPS = YES;
				SWIFT_EMIT_LOC_STRINGS = YES;
				SWIFT_VERSION = 5.0;
			};
			name = Debug;
		};
		55ADB36B2DCF7F9100E3EA4B /* Release */ = {
			isa = XCBuildConfiguration;
			buildSettings = {
				ASSETCATALOG_COMPILER_APPICON_NAME = AppIcon;
				ASSETCATALOG_COMPILER_GLOBAL_ACCENT_COLOR_NAME = AccentColor;
				CODE_SIGN_ENTITLEMENTS = ARIA/Application/ARIA.entitlements;
				CODE_SIGN_STYLE = Automatic;
				COMBINE_HIDPI_IMAGES = YES;
				CURRENT_PROJECT_VERSION = 1;
				DEVELOPMENT_TEAM = XWYLQSH2C6;
				ENABLE_HARDENED_RUNTIME = YES;
				ENABLE_PREVIEWS = YES;
				GENERATE_INFOPLIST_FILE = YES;
				INFOPLIST_KEY_NSHumanReadableCopyright = "";
				LD_RUNPATH_SEARCH_PATHS = (
					"$(inherited)",
					"@executable_path/../Frameworks",
				);
				MARKETING_VERSION = 1.0;
				PRODUCT_BUNDLE_IDENTIFIER = com.mmfsoftware.com.ARIA;
				PRODUCT_NAME = "$(TARGET_NAME)";
				REGISTER_APP_GROUPS = YES;
				SWIFT_EMIT_LOC_STRINGS = YES;
				SWIFT_VERSION = 5.0;
			};
			name = Release;
		};
		55ADB36D2DCF7F9100E3EA4B /* Debug */ = {
			isa = XCBuildConfiguration;
			buildSettings = {
				BUNDLE_LOADER = "$(TEST_HOST)";
				CODE_SIGN_STYLE = Automatic;
				CURRENT_PROJECT_VERSION = 1;
				DEVELOPMENT_TEAM = XWYLQSH2C6;
				GENERATE_INFOPLIST_FILE = YES;
				MACOSX_DEPLOYMENT_TARGET = 15.4;
				MARKETING_VERSION = 1.0;
				PRODUCT_BUNDLE_IDENTIFIER = com.mmfsoftware.com.ARIATests;
				PRODUCT_NAME = "$(TARGET_NAME)";
				SWIFT_EMIT_LOC_STRINGS = NO;
				SWIFT_VERSION = 5.0;
				TEST_HOST = "$(BUILT_PRODUCTS_DIR)/ARIA.app/$(BUNDLE_EXECUTABLE_FOLDER_PATH)/ARIA";
			};
			name = Debug;
		};
		55ADB36E2DCF7F9100E3EA4B /* Release */ = {
			isa = XCBuildConfiguration;
			buildSettings = {
				BUNDLE_LOADER = "$(TEST_HOST)";
				CODE_SIGN_STYLE = Automatic;
				CURRENT_PROJECT_VERSION = 1;
				DEVELOPMENT_TEAM = XWYLQSH2C6;
				GENERATE_INFOPLIST_FILE = YES;
				MACOSX_DEPLOYMENT_TARGET = 15.4;
				MARKETING_VERSION = 1.0;
				PRODUCT_BUNDLE_IDENTIFIER = com.mmfsoftware.com.ARIATests;
				PRODUCT_NAME = "$(TARGET_NAME)";
				SWIFT_EMIT_LOC_STRINGS = NO;
				SWIFT_VERSION = 5.0;
				TEST_HOST = "$(BUILT_PRODUCTS_DIR)/ARIA.app/$(BUNDLE_EXECUTABLE_FOLDER_PATH)/ARIA";
			};
			name = Release;
		};
		55ADB3702DCF7F9100E3EA4B /* Debug */ = {
			isa = XCBuildConfiguration;
			buildSettings = {
				CODE_SIGN_STYLE = Automatic;
				CURRENT_PROJECT_VERSION = 1;
				DEVELOPMENT_TEAM = XWYLQSH2C6;
				GENERATE_INFOPLIST_FILE = YES;
				MARKETING_VERSION = 1.0;
				PRODUCT_BUNDLE_IDENTIFIER = com.mmfsoftware.com.ARIAUITests;
				PRODUCT_NAME = "$(TARGET_NAME)";
				SWIFT_EMIT_LOC_STRINGS = NO;
				SWIFT_VERSION = 5.0;
				TEST_TARGET_NAME = ARIA;
			};
			name = Debug;
		};
		55ADB3712DCF7F9100E3EA4B /* Release */ = {
			isa = XCBuildConfiguration;
			buildSettings = {
				CODE_SIGN_STYLE = Automatic;
				CURRENT_PROJECT_VERSION = 1;
				DEVELOPMENT_TEAM = XWYLQSH2C6;
				GENERATE_INFOPLIST_FILE = YES;
				MARKETING_VERSION = 1.0;
				PRODUCT_BUNDLE_IDENTIFIER = com.mmfsoftware.com.ARIAUITests;
				PRODUCT_NAME = "$(TARGET_NAME)";
				SWIFT_EMIT_LOC_STRINGS = NO;
				SWIFT_VERSION = 5.0;
				TEST_TARGET_NAME = ARIA;
			};
			name = Release;
		};
/* End XCBuildConfiguration section */

/* Begin XCConfigurationList section */
		55ADB3422DCF7F8F00E3EA4B /* Build configuration list for PBXProject "ARIA" */ = {
			isa = XCConfigurationList;
			buildConfigurations = (
				55ADB3672DCF7F9100E3EA4B /* Debug */,
				55ADB3682DCF7F9100E3EA4B /* Release */,
			);
			defaultConfigurationIsVisible = 0;
			defaultConfigurationName = Release;
		};
		55ADB3692DCF7F9100E3EA4B /* Build configuration list for PBXNativeTarget "ARIA" */ = {
			isa = XCConfigurationList;
			buildConfigurations = (
				55ADB36A2DCF7F9100E3EA4B /* Debug */,
				55ADB36B2DCF7F9100E3EA4B /* Release */,
			);
			defaultConfigurationIsVisible = 0;
			defaultConfigurationName = Release;
		};
		55ADB36C2DCF7F9100E3EA4B /* Build configuration list for PBXNativeTarget "ARIATests" */ = {
			isa = XCConfigurationList;
			buildConfigurations = (
				55ADB36D2DCF7F9100E3EA4B /* Debug */,
				55ADB36E2DCF7F9100E3EA4B /* Release */,
			);
			defaultConfigurationIsVisible = 0;
			defaultConfigurationName = Release;
		};
		55ADB36F2DCF7F9100E3EA4B /* Build configuration list for PBXNativeTarget "ARIAUITests" */ = {
			isa = XCConfigurationList;
			buildConfigurations = (
				55ADB3702DCF7F9100E3EA4B /* Debug */,
				55ADB3712DCF7F9100E3EA4B /* Release */,
			);
			defaultConfigurationIsVisible = 0;
			defaultConfigurationName = Release;
		};
/* End XCConfigurationList section */
	};
	rootObject = 55ADB33F2DCF7F8F00E3EA4B /* Project object */;
}
